
Microsoft Visual Studio Solution File, Format Version 12.00
# Visual Studio Version 17
VisualStudioVersion = 17.0.31912.275
MinimumVisualStudioVersion = 10.0.40219.1
Project("{FAE04EC0-301F-11D3-BF4B-00C04F79EFBC}") = "Employees", "Employees\Employees.csproj", "{43CA27E4-CB9A-4C30-8C49-0C72CC90378A}"
EndProject
Global
	GlobalSection(SolutionConfigurationPlatforms) = preSolution
		Debug|Any CPU = Debug|Any CPU
		Release|Any CPU = Release|Any CPU
	EndGlobalSection
	GlobalSection(ProjectConfigurationPlatforms) = postSolution
		{43CA27E4-CB9A-4C30-8C49-0C72CC90378A}.Debug|Any CPU.ActiveCfg = Debug|Any CPU
		{43CA27E4-CB9A-4C30-8C49-0C72CC90378A}.Debug|Any CPU.Build.0 = Debug|Any CPU
		{43CA27E4-CB9A-4C30-8C49-0C72CC90378A}.Release|Any CPU.ActiveCfg = Release|Any CPU
		{43CA27E4-CB9A-4C30-8C49-0C72CC90378A}.Release|Any CPU.Build.0 = Release|Any CPU
	EndGlobalSection
	GlobalSection(SolutionProperties) = preSolution
		HideSolutionNode = FALSE
	EndGlobalSection
	GlobalSection(ExtensibilityGlobals) = postSolution
		SolutionGuid = {F10C3D37-D981-4C9C-BF6E-BA71F6AD8FBB}
	EndGlobalSection
EndGlobal
